// !$*UTF8*$!
{
	archiveVersion = 1;
	classes = {
	};
	objectVersion = 46;
	objects = {

/* Begin PBXBuildFile section */
		846C9B391F47E87E002A3F7C /* JSONS.m in Sources */ = {isa = PBXBuildFile; fileRef = 846C9B381F47E87E002A3F7C /* JSONS.m */; };
		846C9B3F1F47E8F1002A3F7C /* Order.m in Sources */ = {isa = PBXBuildFile; fileRef = 846C9B3E1F47E8F1002A3F7C /* Order.m */; };
		846C9B561F47E9BF002A3F7C /* GBAlipayManager.m in Sources */ = {isa = PBXBuildFile; fileRef = 846C9B431F47E9BF002A3F7C /* GBAlipayManager.m */; };
		846C9B571F47E9BF002A3F7C /* base64.m in Sources */ = {isa = PBXBuildFile; fileRef = 846C9B461F47E9BF002A3F7C /* base64.m */; };
		846C9B581F47E9BF002A3F7C /* DataSigner.m in Sources */ = {isa = PBXBuildFile; fileRef = 846C9B491F47E9BF002A3F7C /* DataSigner.m */; };
		846C9B591F47E9BF002A3F7C /* DataVerifier.m in Sources */ = {isa = PBXBuildFile; fileRef = 846C9B4B1F47E9BF002A3F7C /* DataVerifier.m */; };
		846C9B5A1F47E9BF002A3F7C /* MD5DataSigner.m in Sources */ = {isa = PBXBuildFile; fileRef = 846C9B4D1F47E9BF002A3F7C /* MD5DataSigner.m */; };
		846C9B5B1F47E9BF002A3F7C /* NSDataEx.m in Sources */ = {isa = PBXBuildFile; fileRef = 846C9B4F1F47E9BF002A3F7C /* NSDataEx.m */; };
		846C9B5C1F47E9BF002A3F7C /* openssl_wrapper.m in Sources */ = {isa = PBXBuildFile; fileRef = 846C9B511F47E9BF002A3F7C /* openssl_wrapper.m */; };
		846C9B5D1F47E9BF002A3F7C /* RSADataSigner.m in Sources */ = {isa = PBXBuildFile; fileRef = 846C9B531F47E9BF002A3F7C /* RSADataSigner.m */; };
		846C9B5E1F47E9BF002A3F7C /* RSADataVerifier.m in Sources */ = {isa = PBXBuildFile; fileRef = 846C9B551F47E9BF002A3F7C /* RSADataVerifier.m */; };
		846C9B631F47EA6D002A3F7C /* AlipaySDK.framework in Frameworks */ = {isa = PBXBuildFile; fileRef = 846C9B5F1F47EA6D002A3F7C /* AlipaySDK.framework */; };
		846C9B641F47EA6D002A3F7C /* AlipaySDK.bundle in Frameworks */ = {isa = PBXBuildFile; fileRef = 846C9B601F47EA6D002A3F7C /* AlipaySDK.bundle */; };
		846C9B651F47EA6D002A3F7C /* libcrypto.a in Frameworks */ = {isa = PBXBuildFile; fileRef = 846C9B611F47EA6D002A3F7C /* libcrypto.a */; };
		846C9B661F47EA6D002A3F7C /* libssl.a in Frameworks */ = {isa = PBXBuildFile; fileRef = 846C9B621F47EA6D002A3F7C /* libssl.a */; };
		846C9B681F47EB1B002A3F7C /* Cities.plist in Resources */ = {isa = PBXBuildFile; fileRef = 846C9B671F47EB1B002A3F7C /* Cities.plist */; };
		846C9B6A1F47EBEB002A3F7C /* CoreTelephony.framework in Frameworks */ = {isa = PBXBuildFile; fileRef = 846C9B691F47EBEB002A3F7C /* CoreTelephony.framework */; };
		846C9B6C1F47EC1D002A3F7C /* CoreMotion.framework in Frameworks */ = {isa = PBXBuildFile; fileRef = 846C9B6B1F47EC1D002A3F7C /* CoreMotion.framework */; };
		846C9B6E1F47EC54002A3F7C /* libz.tbd in Frameworks */ = {isa = PBXBuildFile; fileRef = 846C9B6D1F47EC54002A3F7C /* libz.tbd */; };
		846C9B711F480326002A3F7C /* Member.storyboard in Resources */ = {isa = PBXBuildFile; fileRef = 846C9B6F1F480326002A3F7C /* Member.storyboard */; };
		846C9B741F48034B002A3F7C /* Issue.storyboard in Resources */ = {isa = PBXBuildFile; fileRef = 846C9B721F48034B002A3F7C /* Issue.storyboard */; };
		846C9B7F1F480575002A3F7C /* DetailViewController.m in Sources */ = {isa = PBXBuildFile; fileRef = 846C9B771F480575002A3F7C /* DetailViewController.m */; };
		846C9B801F480575002A3F7C /* ListViewController.m in Sources */ = {isa = PBXBuildFile; fileRef = 846C9B791F480575002A3F7C /* ListViewController.m */; };
		846C9B811F480575002A3F7C /* IssueViewController.m in Sources */ = {isa = PBXBuildFile; fileRef = 846C9B7C1F480575002A3F7C /* IssueViewController.m */; };
		849863181F2718F900FA8EA9 /* Detail.storyboard in Resources */ = {isa = PBXBuildFile; fileRef = 849863171F2718F900FA8EA9 /* Detail.storyboard */; };
		8498631B1F273E1D00FA8EA9 /* ActivityTableViewCell.m in Sources */ = {isa = PBXBuildFile; fileRef = 8498631A1F273E1D00FA8EA9 /* ActivityTableViewCell.m */; };
		8498631E1F28615700FA8EA9 /* ActivityModel.m in Sources */ = {isa = PBXBuildFile; fileRef = 8498631D1F28615700FA8EA9 /* ActivityModel.m */; };
		84CB6D6C1F25DF2100FE6517 /* main.m in Sources */ = {isa = PBXBuildFile; fileRef = 84CB6D6B1F25DF2100FE6517 /* main.m */; };
		84CB6D6F1F25DF2100FE6517 /* AppDelegate.m in Sources */ = {isa = PBXBuildFile; fileRef = 84CB6D6E1F25DF2100FE6517 /* AppDelegate.m */; };
		84CB6D751F25DF2100FE6517 /* Main.storyboard in Resources */ = {isa = PBXBuildFile; fileRef = 84CB6D731F25DF2100FE6517 /* Main.storyboard */; };
		84CB6D7A1F25DF2100FE6517 /* Assets.xcassets in Resources */ = {isa = PBXBuildFile; fileRef = 84CB6D791F25DF2100FE6517 /* Assets.xcassets */; };
		84CB6D7D1F25DF2100FE6517 /* LaunchScreen.storyboard in Resources */ = {isa = PBXBuildFile; fileRef = 84CB6D7B1F25DF2100FE6517 /* LaunchScreen.storyboard */; };
		84CB6D881F25DF2200FE6517 /* ActivityListTests.m in Sources */ = {isa = PBXBuildFile; fileRef = 84CB6D871F25DF2200FE6517 /* ActivityListTests.m */; };
		84CB6D931F25DF2200FE6517 /* ActivityListUITests.m in Sources */ = {isa = PBXBuildFile; fileRef = 84CB6D921F25DF2200FE6517 /* ActivityListUITests.m */; };
		84CB6DA91F25E05700FE6517 /* ActivityList.xcdatamodeld in Sources */ = {isa = PBXBuildFile; fileRef = 84CB6DA71F25E05700FE6517 /* ActivityList.xcdatamodeld */; };
		84F2C1B71F2EF7AE00881CAB /* AppAPIClient.m in Sources */ = {isa = PBXBuildFile; fileRef = 84F2C1A61F2EF7AE00881CAB /* AppAPIClient.m */; };
		84F2C1B81F2EF7AE00881CAB /* ErrorHandler.m in Sources */ = {isa = PBXBuildFile; fileRef = 84F2C1A81F2EF7AE00881CAB /* ErrorHandler.m */; };
		84F2C1B91F2EF7AE00881CAB /* NSData+Base64.m in Sources */ = {isa = PBXBuildFile; fileRef = 84F2C1AA1F2EF7AE00881CAB /* NSData+Base64.m */; };
		84F2C1BA1F2EF7AE00881CAB /* NSDate+Utility.m in Sources */ = {isa = PBXBuildFile; fileRef = 84F2C1AC1F2EF7AE00881CAB /* NSDate+Utility.m */; };
		84F2C1BB1F2EF7AE00881CAB /* NSDateFormatter+Category.m in Sources */ = {isa = PBXBuildFile; fileRef = 84F2C1AE1F2EF7AE00881CAB /* NSDateFormatter+Category.m */; };
		84F2C1BC1F2EF7AE00881CAB /* NSString+Crypt.m in Sources */ = {isa = PBXBuildFile; fileRef = 84F2C1B01F2EF7AE00881CAB /* NSString+Crypt.m */; };
		84F2C1BD1F2EF7AE00881CAB /* RequestAPI.m in Sources */ = {isa = PBXBuildFile; fileRef = 84F2C1B21F2EF7AE00881CAB /* RequestAPI.m */; };
		84F2C1BE1F2EF7AE00881CAB /* StorageMgr.m in Sources */ = {isa = PBXBuildFile; fileRef = 84F2C1B41F2EF7AE00881CAB /* StorageMgr.m */; };
		84F2C1BF1F2EF7AE00881CAB /* Utilities.m in Sources */ = {isa = PBXBuildFile; fileRef = 84F2C1B61F2EF7AE00881CAB /* Utilities.m */; };
		84F2C1C31F2EFBCC00881CAB /* Openssl.framework in Frameworks */ = {isa = PBXBuildFile; fileRef = 84F2C1C21F2EFBCC00881CAB /* Openssl.framework */; };
		84F2C1C71F2EFC6600881CAB /* BasicEncodingRules.m in Sources */ = {isa = PBXBuildFile; fileRef = 84F2C1C61F2EFC6600881CAB /* BasicEncodingRules.m */; };
		EB2CAEE25B6CBEBC1D730ACC /* libPods-ActivityList.a in Frameworks */ = {isa = PBXBuildFile; fileRef = 7E0ECF4DB11D46BF4484AEBE /* libPods-ActivityList.a */; };
/* End PBXBuildFile section */

/* Begin PBXContainerItemProxy section */
		84CB6D841F25DF2200FE6517 /* PBXContainerItemProxy */ = {
			isa = PBXContainerItemProxy;
			containerPortal = 84CB6D5F1F25DF2100FE6517 /* Project object */;
			proxyType = 1;
			remoteGlobalIDString = 84CB6D661F25DF2100FE6517;
			remoteInfo = ActivityList;
		};
		84CB6D8F1F25DF2200FE6517 /* PBXContainerItemProxy */ = {
			isa = PBXContainerItemProxy;
			containerPortal = 84CB6D5F1F25DF2100FE6517 /* Project object */;
			proxyType = 1;
			remoteGlobalIDString = 84CB6D661F25DF2100FE6517;
			remoteInfo = ActivityList;
		};
/* End PBXContainerItemProxy section */

/* Begin PBXFileReference section */
		25E69AAA2548E8832575D43F /* Pods-ActivityList.debug.xcconfig */ = {isa = PBXFileReference; includeInIndex = 1; lastKnownFileType = text.xcconfig; name = "Pods-ActivityList.debug.xcconfig"; path = "Pods/Target Support Files/Pods-ActivityList/Pods-ActivityList.debug.xcconfig"; sourceTree = "<group>"; };
		3EBDEE405BFD76A5E822B468 /* Pods-ActivityList.release.xcconfig */ = {isa = PBXFileReference; includeInIndex = 1; lastKnownFileType = text.xcconfig; name = "Pods-ActivityList.release.xcconfig"; path = "Pods/Target Support Files/Pods-ActivityList/Pods-ActivityList.release.xcconfig"; sourceTree = "<group>"; };
		7E0ECF4DB11D46BF4484AEBE /* libPods-ActivityList.a */ = {isa = PBXFileReference; explicitFileType = archive.ar; includeInIndex = 0; path = "libPods-ActivityList.a"; sourceTree = BUILT_PRODUCTS_DIR; };
		846C9B371F47E87E002A3F7C /* JSONS.h */ = {isa = PBXFileReference; fileEncoding = 4; lastKnownFileType = sourcecode.c.h; path = JSONS.h; sourceTree = "<group>"; };
		846C9B381F47E87E002A3F7C /* JSONS.m */ = {isa = PBXFileReference; fileEncoding = 4; lastKnownFileType = sourcecode.c.objc; path = JSONS.m; sourceTree = "<group>"; };
		846C9B3D1F47E8F1002A3F7C /* Order.h */ = {isa = PBXFileReference; fileEncoding = 4; lastKnownFileType = sourcecode.c.h; path = Order.h; sourceTree = "<group>"; };
		846C9B3E1F47E8F1002A3F7C /* Order.m */ = {isa = PBXFileReference; fileEncoding = 4; lastKnownFileType = sourcecode.c.objc; path = Order.m; sourceTree = "<group>"; };
		846C9B411F47E9BF002A3F7C /* GBAlipayConfig.h */ = {isa = PBXFileReference; fileEncoding = 4; lastKnownFileType = sourcecode.c.h; path = GBAlipayConfig.h; sourceTree = "<group>"; };
		846C9B421F47E9BF002A3F7C /* GBAlipayManager.h */ = {isa = PBXFileReference; fileEncoding = 4; lastKnownFileType = sourcecode.c.h; path = GBAlipayManager.h; sourceTree = "<group>"; };
		846C9B431F47E9BF002A3F7C /* GBAlipayManager.m */ = {isa = PBXFileReference; fileEncoding = 4; lastKnownFileType = sourcecode.c.objc; path = GBAlipayManager.m; sourceTree = "<group>"; };
		846C9B451F47E9BF002A3F7C /* base64.h */ = {isa = PBXFileReference; fileEncoding = 4; lastKnownFileType = sourcecode.c.h; path = base64.h; sourceTree = "<group>"; };
		846C9B461F47E9BF002A3F7C /* base64.m */ = {isa = PBXFileReference; fileEncoding = 4; lastKnownFileType = sourcecode.c.objc; path = base64.m; sourceTree = "<group>"; };
		846C9B471F47E9BF002A3F7C /* config.h */ = {isa = PBXFileReference; fileEncoding = 4; lastKnownFileType = sourcecode.c.h; path = config.h; sourceTree = "<group>"; };
		846C9B481F47E9BF002A3F7C /* DataSigner.h */ = {isa = PBXFileReference; fileEncoding = 4; lastKnownFileType = sourcecode.c.h; path = DataSigner.h; sourceTree = "<group>"; };
		846C9B491F47E9BF002A3F7C /* DataSigner.m */ = {isa = PBXFileReference; fileEncoding = 4; lastKnownFileType = sourcecode.c.objc; path = DataSigner.m; sourceTree = "<group>"; };
		846C9B4A1F47E9BF002A3F7C /* DataVerifier.h */ = {isa = PBXFileReference; fileEncoding = 4; lastKnownFileType = sourcecode.c.h; path = DataVerifier.h; sourceTree = "<group>"; };
		846C9B4B1F47E9BF002A3F7C /* DataVerifier.m */ = {isa = PBXFileReference; fileEncoding = 4; lastKnownFileType = sourcecode.c.objc; path = DataVerifier.m; sourceTree = "<group>"; };
		846C9B4C1F47E9BF002A3F7C /* MD5DataSigner.h */ = {isa = PBXFileReference; fileEncoding = 4; lastKnownFileType = sourcecode.c.h; path = MD5DataSigner.h; sourceTree = "<group>"; };
		846C9B4D1F47E9BF002A3F7C /* MD5DataSigner.m */ = {isa = PBXFileReference; fileEncoding = 4; lastKnownFileType = sourcecode.c.objc; path = MD5DataSigner.m; sourceTree = "<group>"; };
		846C9B4E1F47E9BF002A3F7C /* NSDataEx.h */ = {isa = PBXFileReference; fileEncoding = 4; lastKnownFileType = sourcecode.c.h; path = NSDataEx.h; sourceTree = "<group>"; };
		846C9B4F1F47E9BF002A3F7C /* NSDataEx.m */ = {isa = PBXFileReference; fileEncoding = 4; lastKnownFileType = sourcecode.c.objc; path = NSDataEx.m; sourceTree = "<group>"; };
		846C9B501F47E9BF002A3F7C /* openssl_wrapper.h */ = {isa = PBXFileReference; fileEncoding = 4; lastKnownFileType = sourcecode.c.h; path = openssl_wrapper.h; sourceTree = "<group>"; };
		846C9B511F47E9BF002A3F7C /* openssl_wrapper.m */ = {isa = PBXFileReference; fileEncoding = 4; lastKnownFileType = sourcecode.c.objc; path = openssl_wrapper.m; sourceTree = "<group>"; };
		846C9B521F47E9BF002A3F7C /* RSADataSigner.h */ = {isa = PBXFileReference; fileEncoding = 4; lastKnownFileType = sourcecode.c.h; path = RSADataSigner.h; sourceTree = "<group>"; };
		846C9B531F47E9BF002A3F7C /* RSADataSigner.m */ = {isa = PBXFileReference; fileEncoding = 4; lastKnownFileType = sourcecode.c.objc; path = RSADataSigner.m; sourceTree = "<group>"; };
		846C9B541F47E9BF002A3F7C /* RSADataVerifier.h */ = {isa = PBXFileReference; fileEncoding = 4; lastKnownFileType = sourcecode.c.h; path = RSADataVerifier.h; sourceTree = "<group>"; };
		846C9B551F47E9BF002A3F7C /* RSADataVerifier.m */ = {isa = PBXFileReference; fileEncoding = 4; lastKnownFileType = sourcecode.c.objc; path = RSADataVerifier.m; sourceTree = "<group>"; };
		846C9B5F1F47EA6D002A3F7C /* AlipaySDK.framework */ = {isa = PBXFileReference; lastKnownFileType = wrapper.framework; name = AlipaySDK.framework; path = ActivityList/AlipaySDK.framework; sourceTree = "<group>"; };
		846C9B601F47EA6D002A3F7C /* AlipaySDK.bundle */ = {isa = PBXFileReference; lastKnownFileType = "wrapper.plug-in"; name = AlipaySDK.bundle; path = ActivityList/AlipaySDK.bundle; sourceTree = "<group>"; };
		846C9B611F47EA6D002A3F7C /* libcrypto.a */ = {isa = PBXFileReference; lastKnownFileType = archive.ar; name = libcrypto.a; path = ActivityList/libcrypto.a; sourceTree = "<group>"; };
		846C9B621F47EA6D002A3F7C /* libssl.a */ = {isa = PBXFileReference; lastKnownFileType = archive.ar; name = libssl.a; path = ActivityList/libssl.a; sourceTree = "<group>"; };
		846C9B671F47EB1B002A3F7C /* Cities.plist */ = {isa = PBXFileReference; fileEncoding = 4; lastKnownFileType = text.plist.xml; path = Cities.plist; sourceTree = "<group>"; };
		846C9B691F47EBEB002A3F7C /* CoreTelephony.framework */ = {isa = PBXFileReference; lastKnownFileType = wrapper.framework; name = CoreTelephony.framework; path = System/Library/Frameworks/CoreTelephony.framework; sourceTree = SDKROOT; };
		846C9B6B1F47EC1D002A3F7C /* CoreMotion.framework */ = {isa = PBXFileReference; lastKnownFileType = wrapper.framework; name = CoreMotion.framework; path = System/Library/Frameworks/CoreMotion.framework; sourceTree = SDKROOT; };
		846C9B6D1F47EC54002A3F7C /* libz.tbd */ = {isa = PBXFileReference; lastKnownFileType = "sourcecode.text-based-dylib-definition"; name = libz.tbd; path = usr/lib/libz.tbd; sourceTree = SDKROOT; };
		846C9B701F480326002A3F7C /* Base */ = {isa = PBXFileReference; lastKnownFileType = file.storyboard; name = Base; path = ActivityList/Base.lproj/Member.storyboard; sourceTree = SOURCE_ROOT; };
		846C9B731F48034B002A3F7C /* Base */ = {isa = PBXFileReference; lastKnownFileType = file.storyboard; name = Base; path = ActivityList/Base.lproj/Issue.storyboard; sourceTree = SOURCE_ROOT; };
		846C9B761F480575002A3F7C /* DetailViewController.h */ = {isa = PBXFileReference; fileEncoding = 4; lastKnownFileType = sourcecode.c.h; path = DetailViewController.h; sourceTree = "<group>"; };
		846C9B771F480575002A3F7C /* DetailViewController.m */ = {isa = PBXFileReference; fileEncoding = 4; lastKnownFileType = sourcecode.c.objc; path = DetailViewController.m; sourceTree = "<group>"; };
		846C9B781F480575002A3F7C /* ListViewController.h */ = {isa = PBXFileReference; fileEncoding = 4; lastKnownFileType = sourcecode.c.h; path = ListViewController.h; sourceTree = "<group>"; };
		846C9B791F480575002A3F7C /* ListViewController.m */ = {isa = PBXFileReference; fileEncoding = 4; lastKnownFileType = sourcecode.c.objc; path = ListViewController.m; sourceTree = "<group>"; };
		846C9B7B1F480575002A3F7C /* IssueViewController.h */ = {isa = PBXFileReference; fileEncoding = 4; lastKnownFileType = sourcecode.c.h; path = IssueViewController.h; sourceTree = "<group>"; };
		846C9B7C1F480575002A3F7C /* IssueViewController.m */ = {isa = PBXFileReference; fileEncoding = 4; lastKnownFileType = sourcecode.c.objc; path = IssueViewController.m; sourceTree = "<group>"; };
		849863171F2718F900FA8EA9 /* Detail.storyboard */ = {isa = PBXFileReference; fileEncoding = 4; lastKnownFileType = file.storyboard; path = Detail.storyboard; sourceTree = "<group>"; };
		849863191F273E1D00FA8EA9 /* ActivityTableViewCell.h */ = {isa = PBXFileReference; fileEncoding = 4; lastKnownFileType = sourcecode.c.h; path = ActivityTableViewCell.h; sourceTree = "<group>"; };
		8498631A1F273E1D00FA8EA9 /* ActivityTableViewCell.m */ = {isa = PBXFileReference; fileEncoding = 4; lastKnownFileType = sourcecode.c.objc; path = ActivityTableViewCell.m; sourceTree = "<group>"; };
		8498631C1F28615700FA8EA9 /* ActivityModel.h */ = {isa = PBXFileReference; fileEncoding = 4; lastKnownFileType = sourcecode.c.h; path = ActivityModel.h; sourceTree = "<group>"; };
		8498631D1F28615700FA8EA9 /* ActivityModel.m */ = {isa = PBXFileReference; fileEncoding = 4; lastKnownFileType = sourcecode.c.objc; path = ActivityModel.m; sourceTree = "<group>"; };
		84CB6D671F25DF2100FE6517 /* ActivityList.app */ = {isa = PBXFileReference; explicitFileType = wrapper.application; includeInIndex = 0; path = ActivityList.app; sourceTree = BUILT_PRODUCTS_DIR; };
		84CB6D6B1F25DF2100FE6517 /* main.m */ = {isa = PBXFileReference; lastKnownFileType = sourcecode.c.objc; path = main.m; sourceTree = "<group>"; };
		84CB6D6D1F25DF2100FE6517 /* AppDelegate.h */ = {isa = PBXFileReference; lastKnownFileType = sourcecode.c.h; path = AppDelegate.h; sourceTree = "<group>"; };
		84CB6D6E1F25DF2100FE6517 /* AppDelegate.m */ = {isa = PBXFileReference; lastKnownFileType = sourcecode.c.objc; path = AppDelegate.m; sourceTree = "<group>"; };
		84CB6D741F25DF2100FE6517 /* Base */ = {isa = PBXFileReference; lastKnownFileType = file.storyboard; name = Base; path = Base.lproj/Main.storyboard; sourceTree = "<group>"; };
		84CB6D791F25DF2100FE6517 /* Assets.xcassets */ = {isa = PBXFileReference; lastKnownFileType = folder.assetcatalog; name = Assets.xcassets; path = ../Assets.xcassets; sourceTree = "<group>"; };
		84CB6D7C1F25DF2100FE6517 /* Base */ = {isa = PBXFileReference; lastKnownFileType = file.storyboard; name = Base; path = Base.lproj/LaunchScreen.storyboard; sourceTree = "<group>"; };
		84CB6D7E1F25DF2100FE6517 /* Info.plist */ = {isa = PBXFileReference; lastKnownFileType = text.plist.xml; path = Info.plist; sourceTree = "<group>"; };
		84CB6D831F25DF2200FE6517 /* ActivityListTests.xctest */ = {isa = PBXFileReference; explicitFileType = wrapper.cfbundle; includeInIndex = 0; path = ActivityListTests.xctest; sourceTree = BUILT_PRODUCTS_DIR; };
		84CB6D871F25DF2200FE6517 /* ActivityListTests.m */ = {isa = PBXFileReference; lastKnownFileType = sourcecode.c.objc; path = ActivityListTests.m; sourceTree = "<group>"; };
		84CB6D891F25DF2200FE6517 /* Info.plist */ = {isa = PBXFileReference; lastKnownFileType = text.plist.xml; path = Info.plist; sourceTree = "<group>"; };
		84CB6D8E1F25DF2200FE6517 /* ActivityListUITests.xctest */ = {isa = PBXFileReference; explicitFileType = wrapper.cfbundle; includeInIndex = 0; path = ActivityListUITests.xctest; sourceTree = BUILT_PRODUCTS_DIR; };
		84CB6D921F25DF2200FE6517 /* ActivityListUITests.m */ = {isa = PBXFileReference; lastKnownFileType = sourcecode.c.objc; path = ActivityListUITests.m; sourceTree = "<group>"; };
		84CB6D941F25DF2200FE6517 /* Info.plist */ = {isa = PBXFileReference; lastKnownFileType = text.plist.xml; path = Info.plist; sourceTree = "<group>"; };
		84CB6DA01F25DF7500FE6517 /* PrefixHeader.pch */ = {isa = PBXFileReference; lastKnownFileType = sourcecode.c.h; path = PrefixHeader.pch; sourceTree = "<group>"; };
		84CB6DA81F25E05700FE6517 /* ActivityList.xcdatamodel */ = {isa = PBXFileReference; lastKnownFileType = wrapper.xcdatamodel; path = ActivityList.xcdatamodel; sourceTree = "<group>"; };
		84F2C1A41F2EF79900881CAB /* Constants.h */ = {isa = PBXFileReference; lastKnownFileType = sourcecode.c.h; path = Constants.h; sourceTree = "<group>"; };
		84F2C1A51F2EF7AE00881CAB /* AppAPIClient.h */ = {isa = PBXFileReference; fileEncoding = 4; lastKnownFileType = sourcecode.c.h; path = AppAPIClient.h; sourceTree = "<group>"; };
		84F2C1A61F2EF7AE00881CAB /* AppAPIClient.m */ = {isa = PBXFileReference; fileEncoding = 4; lastKnownFileType = sourcecode.c.objc; path = AppAPIClient.m; sourceTree = "<group>"; };
		84F2C1A71F2EF7AE00881CAB /* ErrorHandler.h */ = {isa = PBXFileReference; fileEncoding = 4; lastKnownFileType = sourcecode.c.h; path = ErrorHandler.h; sourceTree = "<group>"; };
		84F2C1A81F2EF7AE00881CAB /* ErrorHandler.m */ = {isa = PBXFileReference; fileEncoding = 4; lastKnownFileType = sourcecode.c.objc; path = ErrorHandler.m; sourceTree = "<group>"; };
		84F2C1A91F2EF7AE00881CAB /* NSData+Base64.h */ = {isa = PBXFileReference; fileEncoding = 4; lastKnownFileType = sourcecode.c.h; path = "NSData+Base64.h"; sourceTree = "<group>"; };
		84F2C1AA1F2EF7AE00881CAB /* NSData+Base64.m */ = {isa = PBXFileReference; fileEncoding = 4; lastKnownFileType = sourcecode.c.objc; path = "NSData+Base64.m"; sourceTree = "<group>"; };
		84F2C1AB1F2EF7AE00881CAB /* NSDate+Utility.h */ = {isa = PBXFileReference; fileEncoding = 4; lastKnownFileType = sourcecode.c.h; path = "NSDate+Utility.h"; sourceTree = "<group>"; };
		84F2C1AC1F2EF7AE00881CAB /* NSDate+Utility.m */ = {isa = PBXFileReference; fileEncoding = 4; lastKnownFileType = sourcecode.c.objc; path = "NSDate+Utility.m"; sourceTree = "<group>"; };
		84F2C1AD1F2EF7AE00881CAB /* NSDateFormatter+Category.h */ = {isa = PBXFileReference; fileEncoding = 4; lastKnownFileType = sourcecode.c.h; path = "NSDateFormatter+Category.h"; sourceTree = "<group>"; };
		84F2C1AE1F2EF7AE00881CAB /* NSDateFormatter+Category.m */ = {isa = PBXFileReference; fileEncoding = 4; lastKnownFileType = sourcecode.c.objc; path = "NSDateFormatter+Category.m"; sourceTree = "<group>"; };
		84F2C1AF1F2EF7AE00881CAB /* NSString+Crypt.h */ = {isa = PBXFileReference; fileEncoding = 4; lastKnownFileType = sourcecode.c.h; path = "NSString+Crypt.h"; sourceTree = "<group>"; };
		84F2C1B01F2EF7AE00881CAB /* NSString+Crypt.m */ = {isa = PBXFileReference; fileEncoding = 4; lastKnownFileType = sourcecode.c.objc; path = "NSString+Crypt.m"; sourceTree = "<group>"; };
		84F2C1B11F2EF7AE00881CAB /* RequestAPI.h */ = {isa = PBXFileReference; fileEncoding = 4; lastKnownFileType = sourcecode.c.h; path = RequestAPI.h; sourceTree = "<group>"; };
		84F2C1B21F2EF7AE00881CAB /* RequestAPI.m */ = {isa = PBXFileReference; fileEncoding = 4; lastKnownFileType = sourcecode.c.objc; path = RequestAPI.m; sourceTree = "<group>"; };
		84F2C1B31F2EF7AE00881CAB /* StorageMgr.h */ = {isa = PBXFileReference; fileEncoding = 4; lastKnownFileType = sourcecode.c.h; path = StorageMgr.h; sourceTree = "<group>"; };
		84F2C1B41F2EF7AE00881CAB /* StorageMgr.m */ = {isa = PBXFileReference; fileEncoding = 4; lastKnownFileType = sourcecode.c.objc; path = StorageMgr.m; sourceTree = "<group>"; };
		84F2C1B51F2EF7AE00881CAB /* Utilities.h */ = {isa = PBXFileReference; fileEncoding = 4; lastKnownFileType = sourcecode.c.h; path = Utilities.h; sourceTree = "<group>"; };
		84F2C1B61F2EF7AE00881CAB /* Utilities.m */ = {isa = PBXFileReference; fileEncoding = 4; lastKnownFileType = sourcecode.c.objc; path = Utilities.m; sourceTree = "<group>"; };
		84F2C1C21F2EFBCC00881CAB /* Openssl.framework */ = {isa = PBXFileReference; lastKnownFileType = wrapper.framework; name = Openssl.framework; path = ActivityList/Openssl.framework; sourceTree = "<group>"; };
		84F2C1C51F2EFC6600881CAB /* BasicEncodingRules.h */ = {isa = PBXFileReference; fileEncoding = 4; lastKnownFileType = sourcecode.c.h; path = BasicEncodingRules.h; sourceTree = "<group>"; };
		84F2C1C61F2EFC6600881CAB /* BasicEncodingRules.m */ = {isa = PBXFileReference; fileEncoding = 4; lastKnownFileType = sourcecode.c.objc; path = BasicEncodingRules.m; sourceTree = "<group>"; };
/* End PBXFileReference section */

/* Begin PBXFrameworksBuildPhase section */
		84CB6D641F25DF2100FE6517 /* Frameworks */ = {
			isa = PBXFrameworksBuildPhase;
			buildActionMask = 2147483647;
			files = (
				846C9B6E1F47EC54002A3F7C /* libz.tbd in Frameworks */,
				846C9B6C1F47EC1D002A3F7C /* CoreMotion.framework in Frameworks */,
				846C9B6A1F47EBEB002A3F7C /* CoreTelephony.framework in Frameworks */,
				846C9B631F47EA6D002A3F7C /* AlipaySDK.framework in Frameworks */,
				846C9B641F47EA6D002A3F7C /* AlipaySDK.bundle in Frameworks */,
				846C9B651F47EA6D002A3F7C /* libcrypto.a in Frameworks */,
				846C9B661F47EA6D002A3F7C /* libssl.a in Frameworks */,
				84F2C1C31F2EFBCC00881CAB /* Openssl.framework in Frameworks */,
				EB2CAEE25B6CBEBC1D730ACC /* libPods-ActivityList.a in Frameworks */,
			);
			runOnlyForDeploymentPostprocessing = 0;
		};
		84CB6D801F25DF2200FE6517 /* Frameworks */ = {
			isa = PBXFrameworksBuildPhase;
			buildActionMask = 2147483647;
			files = (
			);
			runOnlyForDeploymentPostprocessing = 0;
		};
		84CB6D8B1F25DF2200FE6517 /* Frameworks */ = {
			isa = PBXFrameworksBuildPhase;
			buildActionMask = 2147483647;
			files = (
			);
			runOnlyForDeploymentPostprocessing = 0;
		};
/* End PBXFrameworksBuildPhase section */

/* Begin PBXGroup section */
		798211C46CD76F2988A0DE7A /* Pods */ = {
			isa = PBXGroup;
			children = (
				25E69AAA2548E8832575D43F /* Pods-ActivityList.debug.xcconfig */,
				3EBDEE405BFD76A5E822B468 /* Pods-ActivityList.release.xcconfig */,
			);
			name = Pods;
			sourceTree = "<group>";
		};
		846C9B401F47E9BF002A3F7C /* AliMgr */ = {
			isa = PBXGroup;
			children = (
				846C9B411F47E9BF002A3F7C /* GBAlipayConfig.h */,
				846C9B421F47E9BF002A3F7C /* GBAlipayManager.h */,
				846C9B431F47E9BF002A3F7C /* GBAlipayManager.m */,
			);
			path = AliMgr;
			sourceTree = "<group>";
		};
		846C9B441F47E9BF002A3F7C /* AliUtil */ = {
			isa = PBXGroup;
			children = (
				846C9B451F47E9BF002A3F7C /* base64.h */,
				846C9B461F47E9BF002A3F7C /* base64.m */,
				846C9B471F47E9BF002A3F7C /* config.h */,
				846C9B481F47E9BF002A3F7C /* DataSigner.h */,
				846C9B491F47E9BF002A3F7C /* DataSigner.m */,
				846C9B4A1F47E9BF002A3F7C /* DataVerifier.h */,
				846C9B4B1F47E9BF002A3F7C /* DataVerifier.m */,
				846C9B4C1F47E9BF002A3F7C /* MD5DataSigner.h */,
				846C9B4D1F47E9BF002A3F7C /* MD5DataSigner.m */,
				846C9B4E1F47E9BF002A3F7C /* NSDataEx.h */,
				846C9B4F1F47E9BF002A3F7C /* NSDataEx.m */,
				846C9B501F47E9BF002A3F7C /* openssl_wrapper.h */,
				846C9B511F47E9BF002A3F7C /* openssl_wrapper.m */,
				846C9B521F47E9BF002A3F7C /* RSADataSigner.h */,
				846C9B531F47E9BF002A3F7C /* RSADataSigner.m */,
				846C9B541F47E9BF002A3F7C /* RSADataVerifier.h */,
				846C9B551F47E9BF002A3F7C /* RSADataVerifier.m */,
			);
			path = AliUtil;
			sourceTree = "<group>";
		};
		846C9B751F480575002A3F7C /* Activity */ = {
			isa = PBXGroup;
			children = (
				846C9B761F480575002A3F7C /* DetailViewController.h */,
				846C9B771F480575002A3F7C /* DetailViewController.m */,
				846C9B781F480575002A3F7C /* ListViewController.h */,
				846C9B791F480575002A3F7C /* ListViewController.m */,
			);
			path = Activity;
			sourceTree = "<group>";
		};
		846C9B7A1F480575002A3F7C /* Issue */ = {
			isa = PBXGroup;
			children = (
				846C9B7B1F480575002A3F7C /* IssueViewController.h */,
				846C9B7C1F480575002A3F7C /* IssueViewController.m */,
			);
			path = Issue;
			sourceTree = "<group>";
		};
		846C9B7D1F480575002A3F7C /* Menber */ = {
			isa = PBXGroup;
			children = (
			);
			path = Menber;
			sourceTree = "<group>";
		};
		846C9B7E1F480575002A3F7C /* Sign */ = {
			isa = PBXGroup;
			children = (
			);
			path = Sign;
			sourceTree = "<group>";
		};
		84CB6D5E1F25DF2100FE6517 = {
			isa = PBXGroup;
			children = (
				84CB6D691F25DF2100FE6517 /* ActivityList */,
				84CB6D861F25DF2200FE6517 /* ActivityListTests */,
				84CB6D911F25DF2200FE6517 /* ActivityListUITests */,
				84CB6D681F25DF2100FE6517 /* Products */,
				84F2C1C11F2EFBCC00881CAB /* Frameworks */,
				798211C46CD76F2988A0DE7A /* Pods */,
			);
			sourceTree = "<group>";
		};
		84CB6D681F25DF2100FE6517 /* Products */ = {
			isa = PBXGroup;
			children = (
				84CB6D671F25DF2100FE6517 /* ActivityList.app */,
				84CB6D831F25DF2200FE6517 /* ActivityListTests.xctest */,
				84CB6D8E1F25DF2200FE6517 /* ActivityListUITests.xctest */,
			);
			name = Products;
			sourceTree = "<group>";
		};
		84CB6D691F25DF2100FE6517 /* ActivityList */ = {
			isa = PBXGroup;
			children = (
				84CB6DA61F25DFDE00FE6517 /* 3rd */,
				84CB6DA51F25DFD900FE6517 /* Constant */,
				84CB6DA41F25DFD300FE6517 /* Utility */,
				84CB6DA31F25DFCB00FE6517 /* Model */,
				84CB6DA21F25DFC600FE6517 /* View */,
				84CB6DA11F25DFC100FE6517 /* Controller */,
				84CB6D6A1F25DF2100FE6517 /* Supporting Files */,
			);
			path = ActivityList;
			sourceTree = "<group>";
		};
		84CB6D6A1F25DF2100FE6517 /* Supporting Files */ = {
			isa = PBXGroup;
			children = (
				846C9B671F47EB1B002A3F7C /* Cities.plist */,
				84CB6D7E1F25DF2100FE6517 /* Info.plist */,
				84CB6D6D1F25DF2100FE6517 /* AppDelegate.h */,
				84CB6D6E1F25DF2100FE6517 /* AppDelegate.m */,
				84CB6D6B1F25DF2100FE6517 /* main.m */,
				84CB6DA01F25DF7500FE6517 /* PrefixHeader.pch */,
			);
			name = "Supporting Files";
			sourceTree = "<group>";
		};
		84CB6D861F25DF2200FE6517 /* ActivityListTests */ = {
			isa = PBXGroup;
			children = (
				84CB6D871F25DF2200FE6517 /* ActivityListTests.m */,
				84CB6D891F25DF2200FE6517 /* Info.plist */,
			);
			path = ActivityListTests;
			sourceTree = "<group>";
		};
		84CB6D911F25DF2200FE6517 /* ActivityListUITests */ = {
			isa = PBXGroup;
			children = (
				84CB6D921F25DF2200FE6517 /* ActivityListUITests.m */,
				84CB6D941F25DF2200FE6517 /* Info.plist */,
			);
			path = ActivityListUITests;
			sourceTree = "<group>";
		};
		84CB6DA11F25DFC100FE6517 /* Controller */ = {
			isa = PBXGroup;
			children = (
				846C9B751F480575002A3F7C /* Activity */,
				846C9B7A1F480575002A3F7C /* Issue */,
				846C9B7D1F480575002A3F7C /* Menber */,
				846C9B7E1F480575002A3F7C /* Sign */,
			);
			path = Controller;
			sourceTree = "<group>";
		};
		84CB6DA21F25DFC600FE6517 /* View */ = {
			isa = PBXGroup;
			children = (
				846C9B721F48034B002A3F7C /* Issue.storyboard */,
				846C9B6F1F480326002A3F7C /* Member.storyboard */,
				849863171F2718F900FA8EA9 /* Detail.storyboard */,
				84CB6D731F25DF2100FE6517 /* Main.storyboard */,
				84CB6D7B1F25DF2100FE6517 /* LaunchScreen.storyboard */,
				84CB6D791F25DF2100FE6517 /* Assets.xcassets */,
				849863191F273E1D00FA8EA9 /* ActivityTableViewCell.h */,
				8498631A1F273E1D00FA8EA9 /* ActivityTableViewCell.m */,
			);
			path = View;
			sourceTree = "<group>";
		};
		84CB6DA31F25DFCB00FE6517 /* Model */ = {
			isa = PBXGroup;
			children = (
				84CB6DA71F25E05700FE6517 /* ActivityList.xcdatamodeld */,
				8498631C1F28615700FA8EA9 /* ActivityModel.h */,
				8498631D1F28615700FA8EA9 /* ActivityModel.m */,
				846C9B3D1F47E8F1002A3F7C /* Order.h */,
				846C9B3E1F47E8F1002A3F7C /* Order.m */,
			);
			path = Model;
			sourceTree = "<group>";
		};
		84CB6DA41F25DFD300FE6517 /* Utility */ = {
			isa = PBXGroup;
			children = (
				846C9B401F47E9BF002A3F7C /* AliMgr */,
				846C9B441F47E9BF002A3F7C /* AliUtil */,
				846C9B371F47E87E002A3F7C /* JSONS.h */,
				846C9B381F47E87E002A3F7C /* JSONS.m */,
				84F2C1B11F2EF7AE00881CAB /* RequestAPI.h */,
				84F2C1B21F2EF7AE00881CAB /* RequestAPI.m */,
				84F2C1A51F2EF7AE00881CAB /* AppAPIClient.h */,
				84F2C1A61F2EF7AE00881CAB /* AppAPIClient.m */,
				84F2C1A71F2EF7AE00881CAB /* ErrorHandler.h */,
				84F2C1A81F2EF7AE00881CAB /* ErrorHandler.m */,
				84F2C1A91F2EF7AE00881CAB /* NSData+Base64.h */,
				84F2C1AA1F2EF7AE00881CAB /* NSData+Base64.m */,
				84F2C1AB1F2EF7AE00881CAB /* NSDate+Utility.h */,
				84F2C1AC1F2EF7AE00881CAB /* NSDate+Utility.m */,
				84F2C1AD1F2EF7AE00881CAB /* NSDateFormatter+Category.h */,
				84F2C1AE1F2EF7AE00881CAB /* NSDateFormatter+Category.m */,
				84F2C1AF1F2EF7AE00881CAB /* NSString+Crypt.h */,
				84F2C1B01F2EF7AE00881CAB /* NSString+Crypt.m */,
				84F2C1B31F2EF7AE00881CAB /* StorageMgr.h */,
				84F2C1B41F2EF7AE00881CAB /* StorageMgr.m */,
				84F2C1B51F2EF7AE00881CAB /* Utilities.h */,
				84F2C1B61F2EF7AE00881CAB /* Utilities.m */,
			);
			path = Utility;
			sourceTree = "<group>";
		};
		84CB6DA51F25DFD900FE6517 /* Constant */ = {
			isa = PBXGroup;
			children = (
				84F2C1A41F2EF79900881CAB /* Constants.h */,
			);
			path = Constant;
			sourceTree = "<group>";
		};
		84CB6DA61F25DFDE00FE6517 /* 3rd */ = {
			isa = PBXGroup;
			children = (
				84F2C1C41F2EFC6600881CAB /* SCZ-BasicEncodingRules */,
			);
			path = 3rd;
			sourceTree = "<group>";
		};
		84F2C1C11F2EFBCC00881CAB /* Frameworks */ = {
			isa = PBXGroup;
			children = (
				846C9B6D1F47EC54002A3F7C /* libz.tbd */,
				846C9B6B1F47EC1D002A3F7C /* CoreMotion.framework */,
				846C9B691F47EBEB002A3F7C /* CoreTelephony.framework */,
				846C9B5F1F47EA6D002A3F7C /* AlipaySDK.framework */,
				846C9B601F47EA6D002A3F7C /* AlipaySDK.bundle */,
				846C9B611F47EA6D002A3F7C /* libcrypto.a */,
				846C9B621F47EA6D002A3F7C /* libssl.a */,
				84F2C1C21F2EFBCC00881CAB /* Openssl.framework */,
				7E0ECF4DB11D46BF4484AEBE /* libPods-ActivityList.a */,
			);
			name = Frameworks;
			sourceTree = "<group>";
		};
		84F2C1C41F2EFC6600881CAB /* SCZ-BasicEncodingRules */ = {
			isa = PBXGroup;
			children = (
				84F2C1C51F2EFC6600881CAB /* BasicEncodingRules.h */,
				84F2C1C61F2EFC6600881CAB /* BasicEncodingRules.m */,
			);
			path = "SCZ-BasicEncodingRules";
			sourceTree = "<group>";
		};
/* End PBXGroup section */

/* Begin PBXNativeTarget section */
		84CB6D661F25DF2100FE6517 /* ActivityList */ = {
			isa = PBXNativeTarget;
			buildConfigurationList = 84CB6D971F25DF2200FE6517 /* Build configuration list for PBXNativeTarget "ActivityList" */;
			buildPhases = (
				89ADFDD0191F30A437DC9B72 /* [CP] Check Pods Manifest.lock */,
				84CB6D631F25DF2100FE6517 /* Sources */,
				84CB6D641F25DF2100FE6517 /* Frameworks */,
				84CB6D651F25DF2100FE6517 /* Resources */,
				F95B25A1A96528C2BD43101F /* [CP] Embed Pods Frameworks */,
				8E454C6F5889457090A168AB /* [CP] Copy Pods Resources */,
			);
			buildRules = (
			);
			dependencies = (
			);
			name = ActivityList;
			productName = ActivityList;
			productReference = 84CB6D671F25DF2100FE6517 /* ActivityList.app */;
			productType = "com.apple.product-type.application";
		};
		84CB6D821F25DF2200FE6517 /* ActivityListTests */ = {
			isa = PBXNativeTarget;
			buildConfigurationList = 84CB6D9A1F25DF2200FE6517 /* Build configuration list for PBXNativeTarget "ActivityListTests" */;
			buildPhases = (
				84CB6D7F1F25DF2200FE6517 /* Sources */,
				84CB6D801F25DF2200FE6517 /* Frameworks */,
				84CB6D811F25DF2200FE6517 /* Resources */,
			);
			buildRules = (
			);
			dependencies = (
				84CB6D851F25DF2200FE6517 /* PBXTargetDependency */,
			);
			name = ActivityListTests;
			productName = ActivityListTests;
			productReference = 84CB6D831F25DF2200FE6517 /* ActivityListTests.xctest */;
			productType = "com.apple.product-type.bundle.unit-test";
		};
		84CB6D8D1F25DF2200FE6517 /* ActivityListUITests */ = {
			isa = PBXNativeTarget;
			buildConfigurationList = 84CB6D9D1F25DF2200FE6517 /* Build configuration list for PBXNativeTarget "ActivityListUITests" */;
			buildPhases = (
				84CB6D8A1F25DF2200FE6517 /* Sources */,
				84CB6D8B1F25DF2200FE6517 /* Frameworks */,
				84CB6D8C1F25DF2200FE6517 /* Resources */,
			);
			buildRules = (
			);
			dependencies = (
				84CB6D901F25DF2200FE6517 /* PBXTargetDependency */,
			);
			name = ActivityListUITests;
			productName = ActivityListUITests;
			productReference = 84CB6D8E1F25DF2200FE6517 /* ActivityListUITests.xctest */;
			productType = "com.apple.product-type.bundle.ui-testing";
		};
/* End PBXNativeTarget section */

/* Begin PBXProject section */
		84CB6D5F1F25DF2100FE6517 /* Project object */ = {
			isa = PBXProject;
			attributes = {
				LastUpgradeCheck = 0830;
				ORGANIZATIONNAME = Education;
				TargetAttributes = {
					84CB6D661F25DF2100FE6517 = {
						CreatedOnToolsVersion = 8.3;
						ProvisioningStyle = Automatic;
					};
					84CB6D821F25DF2200FE6517 = {
						CreatedOnToolsVersion = 8.3;
						ProvisioningStyle = Automatic;
						TestTargetID = 84CB6D661F25DF2100FE6517;
					};
					84CB6D8D1F25DF2200FE6517 = {
						CreatedOnToolsVersion = 8.3;
						ProvisioningStyle = Automatic;
						TestTargetID = 84CB6D661F25DF2100FE6517;
					};
				};
			};
			buildConfigurationList = 84CB6D621F25DF2100FE6517 /* Build configuration list for PBXProject "ActivityList" */;
			compatibilityVersion = "Xcode 3.2";
			developmentRegion = English;
			hasScannedForEncodings = 0;
			knownRegions = (
				en,
				Base,
			);
			mainGroup = 84CB6D5E1F25DF2100FE6517;
			productRefGroup = 84CB6D681F25DF2100FE6517 /* Products */;
			projectDirPath = "";
			projectRoot = "";
			targets = (
				84CB6D661F25DF2100FE6517 /* ActivityList */,
				84CB6D821F25DF2200FE6517 /* ActivityListTests */,
				84CB6D8D1F25DF2200FE6517 /* ActivityListUITests */,
			);
		};
/* End PBXProject section */

/* Begin PBXResourcesBuildPhase section */
		84CB6D651F25DF2100FE6517 /* Resources */ = {
			isa = PBXResourcesBuildPhase;
			buildActionMask = 2147483647;
			files = (
				84CB6D7D1F25DF2100FE6517 /* LaunchScreen.storyboard in Resources */,
				84CB6D7A1F25DF2100FE6517 /* Assets.xcassets in Resources */,
				846C9B681F47EB1B002A3F7C /* Cities.plist in Resources */,
				84CB6D751F25DF2100FE6517 /* Main.storyboard in Resources */,
				849863181F2718F900FA8EA9 /* Detail.storyboard in Resources */,
				846C9B741F48034B002A3F7C /* Issue.storyboard in Resources */,
				846C9B711F480326002A3F7C /* Member.storyboard in Resources */,
			);
			runOnlyForDeploymentPostprocessing = 0;
		};
		84CB6D811F25DF2200FE6517 /* Resources */ = {
			isa = PBXResourcesBuildPhase;
			buildActionMask = 2147483647;
			files = (
			);
			runOnlyForDeploymentPostprocessing = 0;
		};
		84CB6D8C1F25DF2200FE6517 /* Resources */ = {
			isa = PBXResourcesBuildPhase;
			buildActionMask = 2147483647;
			files = (
			);
			runOnlyForDeploymentPostprocessing = 0;
		};
/* End PBXResourcesBuildPhase section */

/* Begin PBXShellScriptBuildPhase section */
		89ADFDD0191F30A437DC9B72 /* [CP] Check Pods Manifest.lock */ = {
			isa = PBXShellScriptBuildPhase;
			buildActionMask = 2147483647;
			files = (
			);
			inputPaths = (
			);
			name = "[CP] Check Pods Manifest.lock";
			outputPaths = (
			);
			runOnlyForDeploymentPostprocessing = 0;
			shellPath = /bin/sh;
			shellScript = "diff \"${PODS_PODFILE_DIR_PATH}/Podfile.lock\" \"${PODS_ROOT}/Manifest.lock\" > /dev/null\nif [ $? != 0 ] ; then\n    # print error to STDERR\n    echo \"error: The sandbox is not in sync with the Podfile.lock. Run 'pod install' or update your CocoaPods installation.\" >&2\n    exit 1\nfi\n";
			showEnvVarsInLog = 0;
		};
		8E454C6F5889457090A168AB /* [CP] Copy Pods Resources */ = {
			isa = PBXShellScriptBuildPhase;
			buildActionMask = 2147483647;
			files = (
			);
			inputPaths = (
			);
			name = "[CP] Copy Pods Resources";
			outputPaths = (
			);
			runOnlyForDeploymentPostprocessing = 0;
			shellPath = /bin/sh;
			shellScript = "\"${SRCROOT}/Pods/Target Support Files/Pods-ActivityList/Pods-ActivityList-resources.sh\"\n";
			showEnvVarsInLog = 0;
		};
		F95B25A1A96528C2BD43101F /* [CP] Embed Pods Frameworks */ = {
			isa = PBXShellScriptBuildPhase;
			buildActionMask = 2147483647;
			files = (
			);
			inputPaths = (
			);
			name = "[CP] Embed Pods Frameworks";
			outputPaths = (
			);
			runOnlyForDeploymentPostprocessing = 0;
			shellPath = /bin/sh;
			shellScript = "\"${SRCROOT}/Pods/Target Support Files/Pods-ActivityList/Pods-ActivityList-frameworks.sh\"\n";
			showEnvVarsInLog = 0;
		};
/* End PBXShellScriptBuildPhase section */

/* Begin PBXSourcesBuildPhase section */
		84CB6D631F25DF2100FE6517 /* Sources */ = {
			isa = PBXSourcesBuildPhase;
			buildActionMask = 2147483647;
			files = (
				84CB6D6F1F25DF2100FE6517 /* AppDelegate.m in Sources */,
				84F2C1C71F2EFC6600881CAB /* BasicEncodingRules.m in Sources */,
				846C9B801F480575002A3F7C /* ListViewController.m in Sources */,
				846C9B7F1F480575002A3F7C /* DetailViewController.m in Sources */,
				84CB6DA91F25E05700FE6517 /* ActivityList.xcdatamodeld in Sources */,
				846C9B5D1F47E9BF002A3F7C /* RSADataSigner.m in Sources */,
				8498631E1F28615700FA8EA9 /* ActivityModel.m in Sources */,
				846C9B5C1F47E9BF002A3F7C /* openssl_wrapper.m in Sources */,
				846C9B391F47E87E002A3F7C /* JSONS.m in Sources */,
				84F2C1B81F2EF7AE00881CAB /* ErrorHandler.m in Sources */,
				84F2C1BE1F2EF7AE00881CAB /* StorageMgr.m in Sources */,
				84F2C1BD1F2EF7AE00881CAB /* RequestAPI.m in Sources */,
				846C9B5E1F47E9BF002A3F7C /* RSADataVerifier.m in Sources */,
				846C9B561F47E9BF002A3F7C /* GBAlipayManager.m in Sources */,
				846C9B581F47E9BF002A3F7C /* DataSigner.m in Sources */,
				846C9B591F47E9BF002A3F7C /* DataVerifier.m in Sources */,
				84F2C1B71F2EF7AE00881CAB /* AppAPIClient.m in Sources */,
				84F2C1BA1F2EF7AE00881CAB /* NSDate+Utility.m in Sources */,
				846C9B571F47E9BF002A3F7C /* base64.m in Sources */,
				846C9B5A1F47E9BF002A3F7C /* MD5DataSigner.m in Sources */,
				84F2C1BC1F2EF7AE00881CAB /* NSString+Crypt.m in Sources */,
				84F2C1BF1F2EF7AE00881CAB /* Utilities.m in Sources */,
				84CB6D6C1F25DF2100FE6517 /* main.m in Sources */,
				846C9B5B1F47E9BF002A3F7C /* NSDataEx.m in Sources */,
				84F2C1BB1F2EF7AE00881CAB /* NSDateFormatter+Category.m in Sources */,
				846C9B3F1F47E8F1002A3F7C /* Order.m in Sources */,
				846C9B811F480575002A3F7C /* IssueViewController.m in Sources */,
				84F2C1B91F2EF7AE00881CAB /* NSData+Base64.m in Sources */,
				8498631B1F273E1D00FA8EA9 /* ActivityTableViewCell.m in Sources */,
			);
			runOnlyForDeploymentPostprocessing = 0;
		};
		84CB6D7F1F25DF2200FE6517 /* Sources */ = {
			isa = PBXSourcesBuildPhase;
			buildActionMask = 2147483647;
			files = (
				84CB6D881F25DF2200FE6517 /* ActivityListTests.m in Sources */,
			);
			runOnlyForDeploymentPostprocessing = 0;
		};
		84CB6D8A1F25DF2200FE6517 /* Sources */ = {
			isa = PBXSourcesBuildPhase;
			buildActionMask = 2147483647;
			files = (
				84CB6D931F25DF2200FE6517 /* ActivityListUITests.m in Sources */,
			);
			runOnlyForDeploymentPostprocessing = 0;
		};
/* End PBXSourcesBuildPhase section */

/* Begin PBXTargetDependency section */
		84CB6D851F25DF2200FE6517 /* PBXTargetDependency */ = {
			isa = PBXTargetDependency;
			target = 84CB6D661F25DF2100FE6517 /* ActivityList */;
			targetProxy = 84CB6D841F25DF2200FE6517 /* PBXContainerItemProxy */;
		};
		84CB6D901F25DF2200FE6517 /* PBXTargetDependency */ = {
			isa = PBXTargetDependency;
			target = 84CB6D661F25DF2100FE6517 /* ActivityList */;
			targetProxy = 84CB6D8F1F25DF2200FE6517 /* PBXContainerItemProxy */;
		};
/* End PBXTargetDependency section */

/* Begin PBXVariantGroup section */
		846C9B6F1F480326002A3F7C /* Member.storyboard */ = {
			isa = PBXVariantGroup;
			children = (
				846C9B701F480326002A3F7C /* Base */,
			);
			name = Member.storyboard;
			sourceTree = "<group>";
		};
		846C9B721F48034B002A3F7C /* Issue.storyboard */ = {
			isa = PBXVariantGroup;
			children = (
				846C9B731F48034B002A3F7C /* Base */,
			);
			name = Issue.storyboard;
			sourceTree = "<group>";
		};
		84CB6D731F25DF2100FE6517 /* Main.storyboard */ = {
			isa = PBXVariantGroup;
			children = (
				84CB6D741F25DF2100FE6517 /* Base */,
			);
			name = Main.storyboard;
			path = ..;
			sourceTree = "<group>";
		};
		84CB6D7B1F25DF2100FE6517 /* LaunchScreen.storyboard */ = {
			isa = PBXVariantGroup;
			children = (
				84CB6D7C1F25DF2100FE6517 /* Base */,
			);
			name = LaunchScreen.storyboard;
			path = ..;
			sourceTree = "<group>";
		};
/* End PBXVariantGroup section */

/* Begin XCBuildConfiguration section */
		84CB6D951F25DF2200FE6517 /* Debug */ = {
			isa = XCBuildConfiguration;
			buildSettings = {
				ALWAYS_SEARCH_USER_PATHS = NO;
				CLANG_ANALYZER_NONNULL = YES;
				CLANG_ANALYZER_NUMBER_OBJECT_CONVERSION = YES_AGGRESSIVE;
				CLANG_CXX_LANGUAGE_STANDARD = "gnu++0x";
				CLANG_CXX_LIBRARY = "libc++";
				CLANG_ENABLE_MODULES = YES;
				CLANG_ENABLE_OBJC_ARC = YES;
				CLANG_WARN_BOOL_CONVERSION = YES;
				CLANG_WARN_CONSTANT_CONVERSION = YES;
				CLANG_WARN_DIRECT_OBJC_ISA_USAGE = YES_ERROR;
				CLANG_WARN_DOCUMENTATION_COMMENTS = YES;
				CLANG_WARN_EMPTY_BODY = YES;
				CLANG_WARN_ENUM_CONVERSION = YES;
				CLANG_WARN_INFINITE_RECURSION = YES;
				CLANG_WARN_INT_CONVERSION = YES;
				CLANG_WARN_OBJC_ROOT_CLASS = YES_ERROR;
				CLANG_WARN_SUSPICIOUS_MOVE = YES;
				CLANG_WARN_UNREACHABLE_CODE = YES;
				CLANG_WARN__DUPLICATE_METHOD_MATCH = YES;
				"CODE_SIGN_IDENTITY[sdk=iphoneos*]" = "iPhone Developer";
				COPY_PHASE_STRIP = NO;
				DEBUG_INFORMATION_FORMAT = dwarf;
				ENABLE_STRICT_OBJC_MSGSEND = YES;
				ENABLE_TESTABILITY = YES;
				GCC_C_LANGUAGE_STANDARD = gnu99;
				GCC_DYNAMIC_NO_PIC = NO;
				GCC_NO_COMMON_BLOCKS = YES;
				GCC_OPTIMIZATION_LEVEL = 0;
				GCC_PREPROCESSOR_DEFINITIONS = (
					"DEBUG=1",
					"$(inherited)",
				);
				GCC_WARN_64_TO_32_BIT_CONVERSION = YES;
				GCC_WARN_ABOUT_RETURN_TYPE = YES_ERROR;
				GCC_WARN_UNDECLARED_SELECTOR = YES;
				GCC_WARN_UNINITIALIZED_AUTOS = YES_AGGRESSIVE;
				GCC_WARN_UNUSED_FUNCTION = YES;
				GCC_WARN_UNUSED_VARIABLE = YES;
				IPHONEOS_DEPLOYMENT_TARGET = 10.3;
				MTL_ENABLE_DEBUG_INFO = YES;
				ONLY_ACTIVE_ARCH = YES;
				SDKROOT = iphoneos;
			};
			name = Debug;
		};
		84CB6D961F25DF2200FE6517 /* Release */ = {
			isa = XCBuildConfiguration;
			buildSettings = {
				ALWAYS_SEARCH_USER_PATHS = NO;
				CLANG_ANALYZER_NONNULL = YES;
				CLANG_ANALYZER_NUMBER_OBJECT_CONVERSION = YES_AGGRESSIVE;
				CLANG_CXX_LANGUAGE_STANDARD = "gnu++0x";
				CLANG_CXX_LIBRARY = "libc++";
				CLANG_ENABLE_MODULES = YES;
				CLANG_ENABLE_OBJC_ARC = YES;
				CLANG_WARN_BOOL_CONVERSION = YES;
				CLANG_WARN_CONSTANT_CONVERSION = YES;
				CLANG_WARN_DIRECT_OBJC_ISA_USAGE = YES_ERROR;
				CLANG_WARN_DOCUMENTATION_COMMENTS = YES;
				CLANG_WARN_EMPTY_BODY = YES;
				CLANG_WARN_ENUM_CONVERSION = YES;
				CLANG_WARN_INFINITE_RECURSION = YES;
				CLANG_WARN_INT_CONVERSION = YES;
				CLANG_WARN_OBJC_ROOT_CLASS = YES_ERROR;
				CLANG_WARN_SUSPICIOUS_MOVE = YES;
				CLANG_WARN_UNREACHABLE_CODE = YES;
				CLANG_WARN__DUPLICATE_METHOD_MATCH = YES;
				"CODE_SIGN_IDENTITY[sdk=iphoneos*]" = "iPhone Developer";
				COPY_PHASE_STRIP = NO;
				DEBUG_INFORMATION_FORMAT = "dwarf-with-dsym";
				ENABLE_NS_ASSERTIONS = NO;
				ENABLE_STRICT_OBJC_MSGSEND = YES;
				GCC_C_LANGUAGE_STANDARD = gnu99;
				GCC_NO_COMMON_BLOCKS = YES;
				GCC_WARN_64_TO_32_BIT_CONVERSION = YES;
				GCC_WARN_ABOUT_RETURN_TYPE = YES_ERROR;
				GCC_WARN_UNDECLARED_SELECTOR = YES;
				GCC_WARN_UNINITIALIZED_AUTOS = YES_AGGRESSIVE;
				GCC_WARN_UNUSED_FUNCTION = YES;
				GCC_WARN_UNUSED_VARIABLE = YES;
				IPHONEOS_DEPLOYMENT_TARGET = 10.3;
				MTL_ENABLE_DEBUG_INFO = NO;
				SDKROOT = iphoneos;
				VALIDATE_PRODUCT = YES;
			};
			name = Release;
		};
		84CB6D981F25DF2200FE6517 /* Debug */ = {
			isa = XCBuildConfiguration;
			baseConfigurationReference = 25E69AAA2548E8832575D43F /* Pods-ActivityList.debug.xcconfig */;
			buildSettings = {
				ASSETCATALOG_COMPILER_APPICON_NAME = AppIcon;
				FRAMEWORK_SEARCH_PATHS = (
					"$(inherited)",
					"$(PROJECT_DIR)/ActivityList",
				);
				GCC_PRECOMPILE_PREFIX_HEADER = YES;
				GCC_PREFIX_HEADER = ActivityList/PrefixHeader.pch;
				INFOPLIST_FILE = ActivityList/Info.plist;
				IPHONEOS_DEPLOYMENT_TARGET = 9.0;
				LD_RUNPATH_SEARCH_PATHS = "$(inherited) @executable_path/Frameworks";
				LIBRARY_SEARCH_PATHS = (
					"$(inherited)",
					"$(PROJECT_DIR)/ActivityList",
				);
				PRODUCT_BUNDLE_IDENTIFIER = com.YX.ActivityList;
				PRODUCT_NAME = "$(TARGET_NAME)";
			};
			name = Debug;
		};
		84CB6D991F25DF2200FE6517 /* Release */ = {
			isa = XCBuildConfiguration;
			baseConfigurationReference = 3EBDEE405BFD76A5E822B468 /* Pods-ActivityList.release.xcconfig */;
			buildSettings = {
				ASSETCATALOG_COMPILER_APPICON_NAME = AppIcon;
				FRAMEWORK_SEARCH_PATHS = (
					"$(inherited)",
					"$(PROJECT_DIR)/ActivityList",
				);
				GCC_PRECOMPILE_PREFIX_HEADER = YES;
				GCC_PREFIX_HEADER = ActivityList/PrefixHeader.pch;
				INFOPLIST_FILE = ActivityList/Info.plist;
				IPHONEOS_DEPLOYMENT_TARGET = 9.0;
				LD_RUNPATH_SEARCH_PATHS = "$(inherited) @executable_path/Frameworks";
				LIBRARY_SEARCH_PATHS = (
					"$(inherited)",
					"$(PROJECT_DIR)/ActivityList",
				);
				PRODUCT_BUNDLE_IDENTIFIER = com.YX.ActivityList;
				PRODUCT_NAME = "$(TARGET_NAME)";
			};
			name = Release;
		};
		84CB6D9B1F25DF2200FE6517 /* Debug */ = {
			isa = XCBuildConfiguration;
			buildSettings = {
				BUNDLE_LOADER = "$(TEST_HOST)";
				INFOPLIST_FILE = ActivityListTests/Info.plist;
				LD_RUNPATH_SEARCH_PATHS = "$(inherited) @executable_path/Frameworks @loader_path/Frameworks";
				PRODUCT_BUNDLE_IDENTIFIER = self.edu.ActivityListTests;
				PRODUCT_NAME = "$(TARGET_NAME)";
				TEST_HOST = "$(BUILT_PRODUCTS_DIR)/ActivityList.app/ActivityList";
			};
			name = Debug;
		};
		84CB6D9C1F25DF2200FE6517 /* Release */ = {
			isa = XCBuildConfiguration;
			buildSettings = {
				BUNDLE_LOADER = "$(TEST_HOST)";
				INFOPLIST_FILE = ActivityListTests/Info.plist;
				LD_RUNPATH_SEARCH_PATHS = "$(inherited) @executable_path/Frameworks @loader_path/Frameworks";
				PRODUCT_BUNDLE_IDENTIFIER = self.edu.ActivityListTests;
				PRODUCT_NAME = "$(TARGET_NAME)";
				TEST_HOST = "$(BUILT_PRODUCTS_DIR)/ActivityList.app/ActivityList";
			};
			name = Release;
		};
		84CB6D9E1F25DF2200FE6517 /* Debug */ = {
			isa = XCBuildConfiguration;
			buildSettings = {
				INFOPLIST_FILE = ActivityListUITests/Info.plist;
				LD_RUNPATH_SEARCH_PATHS = "$(inherited) @executable_path/Frameworks @loader_path/Frameworks";
				PRODUCT_BUNDLE_IDENTIFIER = self.edu.ActivityListUITests;
				PRODUCT_NAME = "$(TARGET_NAME)";
				TEST_TARGET_NAME = ActivityList;
			};
			name = Debug;
		};
		84CB6D9F1F25DF2200FE6517 /* Release */ = {
			isa = XCBuildConfiguration;
			buildSettings = {
				INFOPLIST_FILE = ActivityListUITests/Info.plist;
				LD_RUNPATH_SEARCH_PATHS = "$(inherited) @executable_path/Frameworks @loader_path/Frameworks";
				PRODUCT_BUNDLE_IDENTIFIER = self.edu.ActivityListUITests;
				PRODUCT_NAME = "$(TARGET_NAME)";
				TEST_TARGET_NAME = ActivityList;
			};
			name = Release;
		};
/* End XCBuildConfiguration section */

/* Begin XCConfigurationList section */
		84CB6D621F25DF2100FE6517 /* Build configuration list for PBXProject "ActivityList" */ = {
			isa = XCConfigurationList;
			buildConfigurations = (
				84CB6D951F25DF2200FE6517 /* Debug */,
				84CB6D961F25DF2200FE6517 /* Release */,
			);
			defaultConfigurationIsVisible = 0;
			defaultConfigurationName = Release;
		};
		84CB6D971F25DF2200FE6517 /* Build configuration list for PBXNativeTarget "ActivityList" */ = {
			isa = XCConfigurationList;
			buildConfigurations = (
				84CB6D981F25DF2200FE6517 /* Debug */,
				84CB6D991F25DF2200FE6517 /* Release */,
			);
			defaultConfigurationIsVisible = 0;
			defaultConfigurationName = Release;
		};
		84CB6D9A1F25DF2200FE6517 /* Build configuration list for PBXNativeTarget "ActivityListTests" */ = {
			isa = XCConfigurationList;
			buildConfigurations = (
				84CB6D9B1F25DF2200FE6517 /* Debug */,
				84CB6D9C1F25DF2200FE6517 /* Release */,
			);
			defaultConfigurationIsVisible = 0;
			defaultConfigurationName = Release;
		};
		84CB6D9D1F25DF2200FE6517 /* Build configuration list for PBXNativeTarget "ActivityListUITests" */ = {
			isa = XCConfigurationList;
			buildConfigurations = (
				84CB6D9E1F25DF2200FE6517 /* Debug */,
				84CB6D9F1F25DF2200FE6517 /* Release */,
			);
			defaultConfigurationIsVisible = 0;
			defaultConfigurationName = Release;
		};
/* End XCConfigurationList section */

/* Begin XCVersionGroup section */
		84CB6DA71F25E05700FE6517 /* ActivityList.xcdatamodeld */ = {
			isa = XCVersionGroup;
			children = (
				84CB6DA81F25E05700FE6517 /* ActivityList.xcdatamodel */,
			);
			currentVersion = 84CB6DA81F25E05700FE6517 /* ActivityList.xcdatamodel */;
			path = ActivityList.xcdatamodeld;
			sourceTree = "<group>";
			versionGroupType = wrapper.xcdatamodel;
		};
/* End XCVersionGroup section */
	};
	rootObject = 84CB6D5F1F25DF2100FE6517 /* Project object */;
}
